
Microsoft Visual Studio Solution File, Format Version 12.00
# Visual Studio 15
Project("{FAE04EC0-301F-11D3-BF4B-00C04F79EFBC}") = "Assembly-CSharp-firstpass", "Assembly-CSharp-firstpass.csproj", "{DF965855-D49B-6ED6-E096-B00B9B89ED72}"
EndProject
Project("{FAE04EC0-301F-11D3-BF4B-00C04F79EFBC}") = "Assembly-CSharp", "Assembly-CSharp.csproj", "{BDA3ED37-D6BB-A89A-5F50-F60FF22626CB}"
EndProject
Project("{FAE04EC0-301F-11D3-BF4B-00C04F79EFBC}") = "Assembly-CSharp-Editor-firstpass", "Assembly-CSharp-Editor-firstpass.csproj", "{BE65C5F2-B0C9-F755-F736-1C0206837848}"
EndProject
Global
	GlobalSection(SolutionConfigurationPlatforms) = preSolution
		Debug|Any CPU = Debug|Any CPU
		Release|Any CPU = Release|Any CPU
	EndGlobalSection
	GlobalSection(ProjectConfigurationPlatforms) = postSolution
		{DF965855-D49B-6ED6-E096-B00B9B89ED72}.Debug|Any CPU.ActiveCfg = Debug|Any CPU
		{DF965855-D49B-6ED6-E096-B00B9B89ED72}.Debug|Any CPU.Build.0 = Debug|Any CPU
		{DF965855-D49B-6ED6-E096-B00B9B89ED72}.Release|Any CPU.ActiveCfg = Release|Any CPU
		{DF965855-D49B-6ED6-E096-B00B9B89ED72}.Release|Any CPU.Build.0 = Release|Any CPU
		{BDA3ED37-D6BB-A89A-5F50-F60FF22626CB}.Debug|Any CPU.ActiveCfg = Debug|Any CPU
		{BDA3ED37-D6BB-A89A-5F50-F60FF22626CB}.Debug|Any CPU.Build.0 = Debug|Any CPU
		{BDA3ED37-D6BB-A89A-5F50-F60FF22626CB}.Release|Any CPU.ActiveCfg = Release|Any CPU
		{BDA3ED37-D6BB-A89A-5F50-F60FF22626CB}.Release|Any CPU.Build.0 = Release|Any CPU
		{BE65C5F2-B0C9-F755-F736-1C0206837848}.Debug|Any CPU.ActiveCfg = Debug|Any CPU
		{BE65C5F2-B0C9-F755-F736-1C0206837848}.Debug|Any CPU.Build.0 = Debug|Any CPU
		{BE65C5F2-B0C9-F755-F736-1C0206837848}.Release|Any CPU.ActiveCfg = Release|Any CPU
		{BE65C5F2-B0C9-F755-F736-1C0206837848}.Release|Any CPU.Build.0 = Release|Any CPU
	EndGlobalSection
	GlobalSection(SolutionProperties) = preSolution
		HideSolutionNode = FALSE
	EndGlobalSection
EndGlobal
